// !$*UTF8*$!
{
	archiveVersion = 1;
	classes = {
	};
	objectVersion = 46;
	objects = {

/* Begin PBXBuildFile section */
		961C34B31EC07117005F1ED2 /* main.m in Sources */ = {isa = PBXBuildFile; fileRef = 961C34B21EC07117005F1ED2 /* main.m */; };
		961C34B61EC07117005F1ED2 /* AppDelegate.m in Sources */ = {isa = PBXBuildFile; fileRef = 961C34B51EC07117005F1ED2 /* AppDelegate.m */; };
		961C34B91EC07117005F1ED2 /* ViewController.m in Sources */ = {isa = PBXBuildFile; fileRef = 961C34B81EC07117005F1ED2 /* ViewController.m */; };
		961C34BC1EC07117005F1ED2 /* Main.storyboard in Resources */ = {isa = PBXBuildFile; fileRef = 961C34BA1EC07117005F1ED2 /* Main.storyboard */; };
		961C34BE1EC07117005F1ED2 /* Assets.xcassets in Resources */ = {isa = PBXBuildFile; fileRef = 961C34BD1EC07117005F1ED2 /* Assets.xcassets */; };
		961C34C11EC07117005F1ED2 /* LaunchScreen.storyboard in Resources */ = {isa = PBXBuildFile; fileRef = 961C34BF1EC07117005F1ED2 /* LaunchScreen.storyboard */; };
		F2C61880E46158FC1539817A /* libPods-RealmDemo.a in Frameworks */ = {isa = PBXBuildFile; fileRef = AF4FC0D50373ED7AD0294049 /* libPods-RealmDemo.a */; };
/* End PBXBuildFile section */

/* Begin PBXFileReference section */
		26C9173147A911F49749E58B /* Pods-RealmDemo.debug.xcconfig */ = {isa = PBXFileReference; includeInIndex = 1; lastKnownFileType = text.xcconfig; name = "Pods-RealmDemo.debug.xcconfig"; path = "../Pods/Target Support Files/Pods-RealmDemo/Pods-RealmDemo.debug.xcconfig"; sourceTree = "<group>"; };
		961C34AE1EC07117005F1ED2 /* RealmDemo.app */ = {isa = PBXFileReference; explicitFileType = wrapper.application; includeInIndex = 0; path = RealmDemo.app; sourceTree = BUILT_PRODUCTS_DIR; };
		961C34B21EC07117005F1ED2 /* main.m */ = {isa = PBXFileReference; lastKnownFileType = sourcecode.c.objc; path = main.m; sourceTree = "<group>"; };
		961C34B41EC07117005F1ED2 /* AppDelegate.h */ = {isa = PBXFileReference; lastKnownFileType = sourcecode.c.h; path = AppDelegate.h; sourceTree = "<group>"; };
		961C34B51EC07117005F1ED2 /* AppDelegate.m */ = {isa = PBXFileReference; lastKnownFileType = sourcecode.c.objc; path = AppDelegate.m; sourceTree = "<group>"; };
		961C34B71EC07117005F1ED2 /* ViewController.h */ = {isa = PBXFileReference; lastKnownFileType = sourcecode.c.h; path = ViewController.h; sourceTree = "<group>"; };
		961C34B81EC07117005F1ED2 /* ViewController.m */ = {isa = PBXFileReference; lastKnownFileType = sourcecode.c.objc; path = ViewController.m; sourceTree = "<group>"; };
		961C34BB1EC07117005F1ED2 /* Base */ = {isa = PBXFileReference; lastKnownFileType = file.storyboard; name = Base; path = Base.lproj/Main.storyboard; sourceTree = "<group>"; };
		961C34BD1EC07117005F1ED2 /* Assets.xcassets */ = {isa = PBXFileReference; lastKnownFileType = folder.assetcatalog; path = Assets.xcassets; sourceTree = "<group>"; };
		961C34C01EC07117005F1ED2 /* Base */ = {isa = PBXFileReference; lastKnownFileType = file.storyboard; name = Base; path = Base.lproj/LaunchScreen.storyboard; sourceTree = "<group>"; };
		961C34C21EC07117005F1ED2 /* Info.plist */ = {isa = PBXFileReference; lastKnownFileType = text.plist.xml; path = Info.plist; sourceTree = "<group>"; };
		AF4FC0D50373ED7AD0294049 /* libPods-RealmDemo.a */ = {isa = PBXFileReference; explicitFileType = archive.ar; includeInIndex = 0; path = "libPods-RealmDemo.a"; sourceTree = BUILT_PRODUCTS_DIR; };
		D0A0ADAF43452A100FE1011C /* Pods-RealmDemo.release.xcconfig */ = {isa = PBXFileReference; includeInIndex = 1; lastKnownFileType = text.xcconfig; name = "Pods-RealmDemo.release.xcconfig"; path = "../Pods/Target Support Files/Pods-RealmDemo/Pods-RealmDemo.release.xcconfig"; sourceTree = "<group>"; };
/* End PBXFileReference section */

/* Begin PBXFrameworksBuildPhase section */
		961C34AB1EC07117005F1ED2 /* Frameworks */ = {
			isa = PBXFrameworksBuildPhase;
			buildActionMask = 2147483647;
			files = (
				F2C61880E46158FC1539817A /* libPods-RealmDemo.a in Frameworks */,
			);
			runOnlyForDeploymentPostprocessing = 0;
		};
/* End PBXFrameworksBuildPhase section */

/* Begin PBXGroup section */
		48352C14B7FCB2DCB4A01238 /* Frameworks */ = {
			isa = PBXGroup;
			children = (
				AF4FC0D50373ED7AD0294049 /* libPods-RealmDemo.a */,
			);
			name = Frameworks;
			sourceTree = "<group>";
		};
		78B3E4B65AC3DAA99146CCAC /* Pods */ = {
			isa = PBXGroup;
			children = (
				26C9173147A911F49749E58B /* Pods-RealmDemo.debug.xcconfig */,
				D0A0ADAF43452A100FE1011C /* Pods-RealmDemo.release.xcconfig */,
			);
			name = Pods;
			sourceTree = "<group>";
		};
		961C34A51EC07117005F1ED2 = {
			isa = PBXGroup;
			children = (
				961C34B01EC07117005F1ED2 /* RealmDemo */,
				961C34AF1EC07117005F1ED2 /* Products */,
				78B3E4B65AC3DAA99146CCAC /* Pods */,
				48352C14B7FCB2DCB4A01238 /* Frameworks */,
			);
			sourceTree = "<group>";
		};
		961C34AF1EC07117005F1ED2 /* Products */ = {
			isa = PBXGroup;
			children = (
				961C34AE1EC07117005F1ED2 /* RealmDemo.app */,
			);
			name = Products;
			sourceTree = "<group>";
		};
		961C34B01EC07117005F1ED2 /* RealmDemo */ = {
			isa = PBXGroup;
			children = (
				961C34B41EC07117005F1ED2 /* AppDelegate.h */,
				961C34B51EC07117005F1ED2 /* AppDelegate.m */,
				961C34B71EC07117005F1ED2 /* ViewController.h */,
				961C34B81EC07117005F1ED2 /* ViewController.m */,
				961C34BA1EC07117005F1ED2 /* Main.storyboard */,
				961C34BD1EC07117005F1ED2 /* Assets.xcassets */,
				961C34BF1EC07117005F1ED2 /* LaunchScreen.storyboard */,
				961C34C21EC07117005F1ED2 /* Info.plist */,
				961C34B11EC07117005F1ED2 /* Supporting Files */,
			);
			path = RealmDemo;
			sourceTree = "<group>";
		};
		961C34B11EC07117005F1ED2 /* Supporting Files */ = {
			isa = PBXGroup;
			children = (
				961C34B21EC07117005F1ED2 /* main.m */,
			);
			name = "Supporting Files";
			sourceTree = "<group>";
		};
/* End PBXGroup section */

/* Begin PBXNativeTarget section */
		961C34AD1EC07117005F1ED2 /* RealmDemo */ = {
			isa = PBXNativeTarget;
			buildConfigurationList = 961C34C51EC07117005F1ED2 /* Build configuration list for PBXNativeTarget "RealmDemo" */;
			buildPhases = (
				922E79E35D4D9DE2435B0A56 /* [CP] Check Pods Manifest.lock */,
				961C34AA1EC07117005F1ED2 /* Sources */,
				961C34AB1EC07117005F1ED2 /* Frameworks */,
				961C34AC1EC07117005F1ED2 /* Resources */,
				79D5AACDD8B6A0A8B7F3B61E /* [CP] Embed Pods Frameworks */,
				D3B4EA9A4F577F08E1E1D45B /* [CP] Copy Pods Resources */,
			);
			buildRules = (
			);
			dependencies = (
			);
			name = RealmDemo;
			productName = RealmDemo;
			productReference = 961C34AE1EC07117005F1ED2 /* RealmDemo.app */;
			productType = "com.apple.product-type.application";
		};
/* End PBXNativeTarget section */

/* Begin PBXProject section */
		961C34A61EC07117005F1ED2 /* Project object */ = {
			isa = PBXProject;
			attributes = {
				LastUpgradeCheck = 0820;
				ORGANIZATIONNAME = soulja;
				TargetAttributes = {
					961C34AD1EC07117005F1ED2 = {
						CreatedOnToolsVersion = 8.2.1;
						ProvisioningStyle = Automatic;
					};
				};
			};
			buildConfigurationList = 961C34A91EC07117005F1ED2 /* Build configuration list for PBXProject "RealmDemo" */;
			compatibilityVersion = "Xcode 3.2";
			developmentRegion = English;
			hasScannedForEncodings = 0;
			knownRegions = (
				en,
				Base,
			);
			mainGroup = 961C34A51EC07117005F1ED2;
			productRefGroup = 961C34AF1EC07117005F1ED2 /* Products */;
			projectDirPath = "";
			projectRoot = "";
			targets = (
				961C34AD1EC07117005F1ED2 /* RealmDemo */,
			);
		};
/* End PBXProject section */

/* Begin PBXResourcesBuildPhase section */
		961C34AC1EC07117005F1ED2 /* Resources */ = {
			isa = PBXResourcesBuildPhase;
			buildActionMask = 2147483647;
			files = (
				961C34C11EC07117005F1ED2 /* LaunchScreen.storyboard in Resources */,
				961C34BE1EC07117005F1ED2 /* Assets.xcassets in Resources */,
				961C34BC1EC07117005F1ED2 /* Main.storyboard in Resources */,
			);
			runOnlyForDeploymentPostprocessing = 0;
		};
/* End PBXResourcesBuildPhase section */

/* Begin PBXShellScriptBuildPhase section */
		79D5AACDD8B6A0A8B7F3B61E /* [CP] Embed Pods Frameworks */ = {
			isa = PBXShellScriptBuildPhase;
			buildActionMask = 2147483647;
			files = (
			);
			inputPaths = (
			);
			name = "[CP] Embed Pods Frameworks";
			outputPaths = (
			);
			runOnlyForDeploymentPostprocessing = 0;
			shellPath = /bin/sh;
			shellScript = "\"${SRCROOT}/../Pods/Target Support Files/Pods-RealmDemo/Pods-RealmDemo-frameworks.sh\"\n";
			showEnvVarsInLog = 0;
		};
		922E79E35D4D9DE2435B0A56 /* [CP] Check Pods Manifest.lock */ = {
			isa = PBXShellScriptBuildPhase;
			buildActionMask = 2147483647;
			files = (
			);
			inputPaths = (
			);
			name = "[CP] Check Pods Manifest.lock";
			outputPaths = (
			);
			runOnlyForDeploymentPostprocessing = 0;
			shellPath = /bin/sh;
			shellScript = "diff \"${PODS_ROOT}/../Podfile.lock\" \"${PODS_ROOT}/Manifest.lock\" > /dev/null\nif [ $? != 0 ] ; then\n    # print error to STDERR\n    echo \"error: The sandbox is not in sync with the Podfile.lock. Run 'pod install' or update your CocoaPods installation.\" >&2\n    exit 1\nfi\n";
			showEnvVarsInLog = 0;
		};
		D3B4EA9A4F577F08E1E1D45B /* [CP] Copy Pods Resources */ = {
			isa = PBXShellScriptBuildPhase;
			buildActionMask = 2147483647;
			files = (
			);
			inputPaths = (
			);
			name = "[CP] Copy Pods Resources";
			outputPaths = (
			);
			runOnlyForDeploymentPostprocessing = 0;
			shellPath = /bin/sh;
			shellScript = "\"${SRCROOT}/../Pods/Target Support Files/Pods-RealmDemo/Pods-RealmDemo-resources.sh\"\n";
			showEnvVarsInLog = 0;
		};
/* End PBXShellScriptBuildPhase section */

/* Begin PBXSourcesBuildPhase section */
		961C34AA1EC07117005F1ED2 /* Sources */ = {
			isa = PBXSourcesBuildPhase;
			buildActionMask = 2147483647;
			files = (
				961C34B91EC07117005F1ED2 /* ViewController.m in Sources */,
				961C34B61EC07117005F1ED2 /* AppDelegate.m in Sources */,
				961C34B31EC07117005F1ED2 /* main.m in Sources */,
			);
			runOnlyForDeploymentPostprocessing = 0;
		};
/* End PBXSourcesBuildPhase section */

/* Begin PBXVariantGroup section */
		961C34BA1EC07117005F1ED2 /* Main.storyboard */ = {
			isa = PBXVariantGroup;
			children = (
				961C34BB1EC07117005F1ED2 /* Base */,
			);
			name = Main.storyboard;
			sourceTree = "<group>";
		};
		961C34BF1EC07117005F1ED2 /* LaunchScreen.storyboard */ = {
			isa = PBXVariantGroup;
			children = (
				961C34C01EC07117005F1ED2 /* Base */,
			);
			name = LaunchScreen.storyboard;
			sourceTree = "<group>";
		};
/* End PBXVariantGroup section */

/* Begin XCBuildConfiguration section */
		961C34C31EC07117005F1ED2 /* Debug */ = {
			isa = XCBuildConfiguration;
			buildSettings = {
				ALWAYS_SEARCH_USER_PATHS = NO;
				CLANG_ANALYZER_NONNULL = YES;
				CLANG_CXX_LANGUAGE_STANDARD = "gnu++0x";
				CLANG_CXX_LIBRARY = "libc++";
				CLANG_ENABLE_MODULES = YES;
				CLANG_ENABLE_OBJC_ARC = YES;
				CLANG_WARN_BOOL_CONVERSION = YES;
				CLANG_WARN_CONSTANT_CONVERSION = YES;
				CLANG_WARN_DIRECT_OBJC_ISA_USAGE = YES_ERROR;
				CLANG_WARN_DOCUMENTATION_COMMENTS = YES;
				CLANG_WARN_EMPTY_BODY = YES;
				CLANG_WARN_ENUM_CONVERSION = YES;
				CLANG_WARN_INFINITE_RECURSION = YES;
				CLANG_WARN_INT_CONVERSION = YES;
				CLANG_WARN_OBJC_ROOT_CLASS = YES_ERROR;
				CLANG_WARN_SUSPICIOUS_MOVE = YES;
				CLANG_WARN_UNREACHABLE_CODE = YES;
				CLANG_WARN__DUPLICATE_METHOD_MATCH = YES;
				"CODE_SIGN_IDENTITY[sdk=iphoneos*]" = "iPhone Developer";
				COPY_PHASE_STRIP = NO;
				DEBUG_INFORMATION_FORMAT = dwarf;
				ENABLE_STRICT_OBJC_MSGSEND = YES;
				ENABLE_TESTABILITY = YES;
				GCC_C_LANGUAGE_STANDARD = gnu99;
				GCC_DYNAMIC_NO_PIC = NO;
				GCC_NO_COMMON_BLOCKS = YES;
				GCC_OPTIMIZATION_LEVEL = 0;
				GCC_PREPROCESSOR_DEFINITIONS = (
					"DEBUG=1",
					"$(inherited)",
				);
				GCC_WARN_64_TO_32_BIT_CONVERSION = YES;
				GCC_WARN_ABOUT_RETURN_TYPE = YES_ERROR;
				GCC_WARN_UNDECLARED_SELECTOR = YES;
				GCC_WARN_UNINITIALIZED_AUTOS = YES_AGGRESSIVE;
				GCC_WARN_UNUSED_FUNCTION = YES;
				GCC_WARN_UNUSED_VARIABLE = YES;
				IPHONEOS_DEPLOYMENT_TARGET = 10.2;
				MTL_ENABLE_DEBUG_INFO = YES;
				ONLY_ACTIVE_ARCH = YES;
				SDKROOT = iphoneos;
			};
			name = Debug;
		};
		961C34C41EC07117005F1ED2 /* Release */ = {
			isa = XCBuildConfiguration;
			buildSettings = {
				ALWAYS_SEARCH_USER_PATHS = NO;
				CLANG_ANALYZER_NONNULL = YES;
				CLANG_CXX_LANGUAGE_STANDARD = "gnu++0x";
				CLANG_CXX_LIBRARY = "libc++";
				CLANG_ENABLE_MODULES = YES;
				CLANG_ENABLE_OBJC_ARC = YES;
				CLANG_WARN_BOOL_CONVERSION = YES;
				CLANG_WARN_CONSTANT_CONVERSION = YES;
				CLANG_WARN_DIRECT_OBJC_ISA_USAGE = YES_ERROR;
				CLANG_WARN_DOCUMENTATION_COMMENTS = YES;
				CLANG_WARN_EMPTY_BODY = YES;
				CLANG_WARN_ENUM_CONVERSION = YES;
				CLANG_WARN_INFINITE_RECURSION = YES;
				CLANG_WARN_INT_CONVERSION = YES;
				CLANG_WARN_OBJC_ROOT_CLASS = YES_ERROR;
				CLANG_WARN_SUSPICIOUS_MOVE = YES;
				CLANG_WARN_UNREACHABLE_CODE = YES;
				CLANG_WARN__DUPLICATE_METHOD_MATCH = YES;
				"CODE_SIGN_IDENTITY[sdk=iphoneos*]" = "iPhone Developer";
				COPY_PHASE_STRIP = NO;
				DEBUG_INFORMATION_FORMAT = "dwarf-with-dsym";
				ENABLE_NS_ASSERTIONS = NO;
				ENABLE_STRICT_OBJC_MSGSEND = YES;
				GCC_C_LANGUAGE_STANDARD = gnu99;
				GCC_NO_COMMON_BLOCKS = YES;
				GCC_WARN_64_TO_32_BIT_CONVERSION = YES;
				GCC_WARN_ABOUT_RETURN_TYPE = YES_ERROR;
				GCC_WARN_UNDECLARED_SELECTOR = YES;
				GCC_WARN_UNINITIALIZED_AUTOS = YES_AGGRESSIVE;
				GCC_WARN_UNUSED_FUNCTION = YES;
				GCC_WARN_UNUSED_VARIABLE = YES;
				IPHONEOS_DEPLOYMENT_TARGET = 10.2;
				MTL_ENABLE_DEBUG_INFO = NO;
				SDKROOT = iphoneos;
				VALIDATE_PRODUCT = YES;
			};
			name = Release;
		};
		961C34C61EC07117005F1ED2 /* Debug */ = {
			isa = XCBuildConfiguration;
			baseConfigurationReference = 26C9173147A911F49749E58B /* Pods-RealmDemo.debug.xcconfig */;
			buildSettings = {
				ASSETCATALOG_COMPILER_APPICON_NAME = AppIcon;
				INFOPLIST_FILE = RealmDemo/Info.plist;
				LD_RUNPATH_SEARCH_PATHS = "$(inherited) @executable_path/Frameworks";
				PRODUCT_BUNDLE_IDENTIFIER = com.soulja.RealmDemo;
				PRODUCT_NAME = "$(TARGET_NAME)";
			};
			name = Debug;
		};
		961C34C71EC07117005F1ED2 /* Release */ = {
			isa = XCBuildConfiguration;
			baseConfigurationReference = D0A0ADAF43452A100FE1011C /* Pods-RealmDemo.release.xcconfig */;
			buildSettings = {
				ASSETCATALOG_COMPILER_APPICON_NAME = AppIcon;
				INFOPLIST_FILE = RealmDemo/Info.plist;
				LD_RUNPATH_SEARCH_PATHS = "$(inherited) @executable_path/Frameworks";
				PRODUCT_BUNDLE_IDENTIFIER = com.soulja.RealmDemo;
				PRODUCT_NAME = "$(TARGET_NAME)";
			};
			name = Release;
		};
/* End XCBuildConfiguration section */

/* Begin XCConfigurationList section */
		961C34A91EC07117005F1ED2 /* Build configuration list for PBXProject "RealmDemo" */ = {
			isa = XCConfigurationList;
			buildConfigurations = (
				961C34C31EC07117005F1ED2 /* Debug */,
				961C34C41EC07117005F1ED2 /* Release */,
			);
			defaultConfigurationIsVisible = 0;
			defaultConfigurationName = Release;
		};
		961C34C51EC07117005F1ED2 /* Build configuration list for PBXNativeTarget "RealmDemo" */ = {
			isa = XCConfigurationList;
			buildConfigurations = (
				961C34C61EC07117005F1ED2 /* Debug */,
				961C34C71EC07117005F1ED2 /* Release */,
			);
			defaultConfigurationIsVisible = 0;
		};
/* End XCConfigurationList section */
	};
	rootObject = 961C34A61EC07117005F1ED2 /* Project object */;
}
